// !$*UTF8*$!
{
	archiveVersion = 1;
	classes = {
	};
	objectVersion = 46;
	objects = {

/* Begin PBXBuildFile section */
		427330A51DC86DF300A01CDD /* AppDelegate.swift in Sources */ = {isa = PBXBuildFile; fileRef = 427330A41DC86DF300A01CDD /* AppDelegate.swift */; };
		427330A71DC86DF300A01CDD /* ViewController.swift in Sources */ = {isa = PBXBuildFile; fileRef = 427330A61DC86DF300A01CDD /* ViewController.swift */; };
		427330AA1DC86DF300A01CDD /* Main.storyboard in Resources */ = {isa = PBXBuildFile; fileRef = 427330A81DC86DF300A01CDD /* Main.storyboard */; };
		427330AC1DC86DF300A01CDD /* Assets.xcassets in Resources */ = {isa = PBXBuildFile; fileRef = 427330AB1DC86DF300A01CDD /* Assets.xcassets */; };
		427330AF1DC86DF300A01CDD /* LaunchScreen.storyboard in Resources */ = {isa = PBXBuildFile; fileRef = 427330AD1DC86DF300A01CDD /* LaunchScreen.storyboard */; };
/* End PBXBuildFile section */

/* Begin PBXFileReference section */
		427330A11DC86DF300A01CDD /* HelloooooWorld.app */ = {isa = PBXFileReference; explicitFileType = wrapper.application; includeInIndex = 0; path = HelloooooWorld.app; sourceTree = BUILT_PRODUCTS_DIR; };
		427330A41DC86DF300A01CDD /* AppDelegate.swift */ = {isa = PBXFileReference; lastKnownFileType = sourcecode.swift; path = AppDelegate.swift; sourceTree = "<group>"; };
		427330A61DC86DF300A01CDD /* ViewController.swift */ = {isa = PBXFileReference; lastKnownFileType = sourcecode.swift; path = ViewController.swift; sourceTree = "<group>"; };
		427330A91DC86DF300A01CDD /* Base */ = {isa = PBXFileReference; lastKnownFileType = file.storyboard; name = Base; path = Base.lproj/Main.storyboard; sourceTree = "<group>"; };
		427330AB1DC86DF300A01CDD /* Assets.xcassets */ = {isa = PBXFileReference; lastKnownFileType = folder.assetcatalog; path = Assets.xcassets; sourceTree = "<group>"; };
		427330AE1DC86DF300A01CDD /* Base */ = {isa = PBXFileReference; lastKnownFileType = file.storyboard; name = Base; path = Base.lproj/LaunchScreen.storyboard; sourceTree = "<group>"; };
		427330B01DC86DF300A01CDD /* Info.plist */ = {isa = PBXFileReference; lastKnownFileType = text.plist.xml; path = Info.plist; sourceTree = "<group>"; };
/* End PBXFileReference section */

/* Begin PBXFrameworksBuildPhase section */
		4273309E1DC86DF200A01CDD /* Frameworks */ = {
			isa = PBXFrameworksBuildPhase;
			buildActionMask = 2147483647;
			files = (
			);
			runOnlyForDeploymentPostprocessing = 0;
		};
/* End PBXFrameworksBuildPhase section */

/* Begin PBXGroup section */
		427330981DC86DF200A01CDD = {
			isa = PBXGroup;
			children = (
				427330A31DC86DF300A01CDD /* HelloooooWorld */,
				427330A21DC86DF300A01CDD /* Products */,
			);
			sourceTree = "<group>";
		};
		427330A21DC86DF300A01CDD /* Products */ = {
			isa = PBXGroup;
			children = (
				427330A11DC86DF300A01CDD /* HelloooooWorld.app */,
			);
			name = Products;
			sourceTree = "<group>";
		};
		427330A31DC86DF300A01CDD /* HelloooooWorld */ = {
			isa = PBXGroup;
			children = (
				427330A41DC86DF300A01CDD /* AppDelegate.swift */,
				427330A61DC86DF300A01CDD /* ViewController.swift */,
				427330A81DC86DF300A01CDD /* Main.storyboard */,
				427330AB1DC86DF300A01CDD /* Assets.xcassets */,
				427330AD1DC86DF300A01CDD /* LaunchScreen.storyboard */,
				427330B01DC86DF300A01CDD /* Info.plist */,
			);
			path = HelloooooWorld;
			sourceTree = "<group>";
		};
/* End PBXGroup section */

/* Begin PBXNativeTarget section */
		427330A01DC86DF200A01CDD /* HelloooooWorld */ = {
			isa = PBXNativeTarget;
			buildConfigurationList = 427330B31DC86DF300A01CDD /* Build configuration list for PBXNativeTarget "HelloooooWorld" */;
			buildPhases = (
				4273309D1DC86DF200A01CDD /* Sources */,
				4273309E1DC86DF200A01CDD /* Frameworks */,
				4273309F1DC86DF200A01CDD /* Resources */,
			);
			buildRules = (
			);
			dependencies = (
			);
			name = HelloooooWorld;
			productName = HelloooooWorld;
			productReference = 427330A11DC86DF300A01CDD /* HelloooooWorld.app */;
			productType = "com.apple.product-type.application";
		};
/* End PBXNativeTarget section */

/* Begin PBXProject section */
		427330991DC86DF200A01CDD /* Project object */ = {
			isa = PBXProject;
			attributes = {
				LastSwiftUpdateCheck = 0810;
				LastUpgradeCheck = 0810;
				ORGANIZATIONNAME = "P18 Enviroment";
				TargetAttributes = {
					427330A01DC86DF200A01CDD = {
						CreatedOnToolsVersion = 8.1;
						DevelopmentTeam = DNPSUNA888;
						ProvisioningStyle = Automatic;
					};
				};
			};
			buildConfigurationList = 4273309C1DC86DF200A01CDD /* Build configuration list for PBXProject "HelloooooWorld" */;
			compatibilityVersion = "Xcode 3.2";
			developmentRegion = English;
			hasScannedForEncodings = 0;
			knownRegions = (
				en,
				Base,
			);
			mainGroup = 427330981DC86DF200A01CDD;
			productRefGroup = 427330A21DC86DF300A01CDD /* Products */;
			projectDirPath = "";
			projectRoot = "";
			targets = (
				427330A01DC86DF200A01CDD /* HelloooooWorld */,
			);
		};
/* End PBXProject section */

/* Begin PBXResourcesBuildPhase section */
		4273309F1DC86DF200A01CDD /* Resources */ = {
			isa = PBXResourcesBuildPhase;
			buildActionMask = 2147483647;
			files = (
				427330AF1DC86DF300A01CDD /* LaunchScreen.storyboard in Resources */,
				427330AC1DC86DF300A01CDD /* Assets.xcassets in Resources */,
				427330AA1DC86DF300A01CDD /* Main.storyboard in Resources */,
			);
			runOnlyForDeploymentPostprocessing = 0;
		};
/* End PBXResourcesBuildPhase section */

/* Begin PBXSourcesBuildPhase section */
		4273309D1DC86DF200A01CDD /* Sources */ = {
			isa = PBXSourcesBuildPhase;
			buildActionMask = 2147483647;
			files = (
				427330A71DC86DF300A01CDD /* ViewController.swift in Sources */,
				427330A51DC86DF300A01CDD /* AppDelegate.swift in Sources */,
			);
			runOnlyForDeploymentPostprocessing = 0;
		};
/* End PBXSourcesBuildPhase section */

/* Begin PBXVariantGroup section */
		427330A81DC86DF300A01CDD /* Main.storyboard */ = {
			isa = PBXVariantGroup;
			children = (
				427330A91DC86DF300A01CDD /* Base */,
			);
			name = Main.storyboard;
			sourceTree = "<group>";
		};
		427330AD1DC86DF300A01CDD /* LaunchScreen.storyboard */ = {
			isa = PBXVariantGroup;
			children = (
				427330AE1DC86DF300A01CDD /* Base */,
			);
			name = LaunchScreen.storyboard;
			sourceTree = "<group>";
		};
/* End PBXVariantGroup section */

/* Begin XCBuildConfiguration section */
		427330B11DC86DF300A01CDD /* Debug */ = {
			isa = XCBuildConfiguration;
			buildSettings = {
				ALWAYS_SEARCH_USER_PATHS = NO;
				CLANG_ANALYZER_NONNULL = YES;
				CLANG_CXX_LANGUAGE_STANDARD = "gnu++0x";
				CLANG_CXX_LIBRARY = "libc++";
				CLANG_ENABLE_MODULES = YES;
				CLANG_ENABLE_OBJC_ARC = YES;
				CLANG_WARN_BOOL_CONVERSION = YES;
				CLANG_WARN_CONSTANT_CONVERSION = YES;
				CLANG_WARN_DIRECT_OBJC_ISA_USAGE = YES_ERROR;
				CLANG_WARN_DOCUMENTATION_COMMENTS = YES;
				CLANG_WARN_EMPTY_BODY = YES;
				CLANG_WARN_ENUM_CONVERSION = YES;
				CLANG_WARN_INFINITE_RECURSION = YES;
				CLANG_WARN_INT_CONVERSION = YES;
				CLANG_WARN_OBJC_ROOT_CLASS = YES_ERROR;
				CLANG_WARN_SUSPICIOUS_MOVES = YES;
				CLANG_WARN_UNREACHABLE_CODE = YES;
				CLANG_WARN__DUPLICATE_METHOD_MATCH = YES;
				"CODE_SIGN_IDENTITY[sdk=iphoneos*]" = "iPhone Developer";
				COPY_PHASE_STRIP = NO;
				DEBUG_INFORMATION_FORMAT = dwarf;
				ENABLE_STRICT_OBJC_MSGSEND = YES;
				ENABLE_TESTABILITY = YES;
				GCC_C_LANGUAGE_STANDARD = gnu99;
				GCC_DYNAMIC_NO_PIC = NO;
				GCC_NO_COMMON_BLOCKS = YES;
				GCC_OPTIMIZATION_LEVEL = 0;
				GCC_PREPROCESSOR_DEFINITIONS = (
					"DEBUG=1",
					"$(inherited)",
				);
				GCC_WARN_64_TO_32_BIT_CONVERSION = YES;
				GCC_WARN_ABOUT_RETURN_TYPE = YES_ERROR;
				GCC_WARN_UNDECLARED_SELECTOR = YES;
				GCC_WARN_UNINITIALIZED_AUTOS = YES_AGGRESSIVE;
				GCC_WARN_UNUSED_FUNCTION = YES;
				GCC_WARN_UNUSED_VARIABLE = YES;
				IPHONEOS_DEPLOYMENT_TARGET = 10.1;
				MTL_ENABLE_DEBUG_INFO = YES;
				ONLY_ACTIVE_ARCH = YES;
				SDKROOT = iphoneos;
				SWIFT_ACTIVE_COMPILATION_CONDITIONS = DEBUG;
				SWIFT_OPTIMIZATION_LEVEL = "-Onone";
				TARGETED_DEVICE_FAMILY = "1,2";
			};
			name = Debug;
		};
		427330B21DC86DF300A01CDD /* Release */ = {
			isa = XCBuildConfiguration;
			buildSettings = {
				ALWAYS_SEARCH_USER_PATHS = NO;
				CLANG_ANALYZER_NONNULL = YES;
				CLANG_CXX_LANGUAGE_STANDARD = "gnu++0x";
				CLANG_CXX_LIBRARY = "libc++";
				CLANG_ENABLE_MODULES = YES;
				CLANG_ENABLE_OBJC_ARC = YES;
				CLANG_WARN_BOOL_CONVERSION = YES;
				CLANG_WARN_CONSTANT_CONVERSION = YES;
				CLANG_WARN_DIRECT_OBJC_ISA_USAGE = YES_ERROR;
				CLANG_WARN_DOCUMENTATION_COMMENTS = YES;
				CLANG_WARN_EMPTY_BODY = YES;
				CLANG_WARN_ENUM_CONVERSION = YES;
				CLANG_WARN_INFINITE_RECURSION = YES;
				CLANG_WARN_INT_CONVERSION = YES;
				CLANG_WARN_OBJC_ROOT_CLASS = YES_ERROR;
				CLANG_WARN_SUSPICIOUS_MOVES = YES;
				CLANG_WARN_UNREACHABLE_CODE = YES;
				CLANG_WARN__DUPLICATE_METHOD_MATCH = YES;
				"CODE_SIGN_IDENTITY[sdk=iphoneos*]" = "iPhone Developer";
				COPY_PHASE_STRIP = NO;
				DEBUG_INFORMATION_FORMAT = "dwarf-with-dsym";
				ENABLE_NS_ASSERTIONS = NO;
				ENABLE_STRICT_OBJC_MSGSEND = YES;
				GCC_C_LANGUAGE_STANDARD = gnu99;
				GCC_NO_COMMON_BLOCKS = YES;
				GCC_WARN_64_TO_32_BIT_CONVERSION = YES;
				GCC_WARN_ABOUT_RETURN_TYPE = YES_ERROR;
				GCC_WARN_UNDECLARED_SELECTOR = YES;
				GCC_WARN_UNINITIALIZED_AUTOS = YES_AGGRESSIVE;
				GCC_WARN_UNUSED_FUNCTION = YES;
				GCC_WARN_UNUSED_VARIABLE = YES;
				IPHONEOS_DEPLOYMENT_TARGET = 10.1;
				MTL_ENABLE_DEBUG_INFO = NO;
				SDKROOT = iphoneos;
				SWIFT_OPTIMIZATION_LEVEL = "-Owholemodule";
				TARGETED_DEVICE_FAMILY = "1,2";
				VALIDATE_PRODUCT = YES;
			};
			name = Release;
		};
		427330B41DC86DF300A01CDD /* Debug */ = {
			isa = XCBuildConfiguration;
			buildSettings = {
				ASSETCATALOG_COMPILER_APPICON_NAME = AppIcon;
				DEVELOPMENT_TEAM = DNPSUNA888;
				INFOPLIST_FILE = HelloooooWorld/Info.plist;
				LD_RUNPATH_SEARCH_PATHS = "$(inherited) @executable_path/Frameworks";
				PRODUCT_BUNDLE_IDENTIFIER = com.groslen.HelloooooWorld;
				PRODUCT_NAME = "$(TARGET_NAME)";
				SWIFT_VERSION = 3.0;
			};
			name = Debug;
		};
		427330B51DC86DF300A01CDD /* Release */ = {
			isa = XCBuildConfiguration;
			buildSettings = {
				ASSETCATALOG_COMPILER_APPICON_NAME = AppIcon;
				DEVELOPMENT_TEAM = DNPSUNA888;
				INFOPLIST_FILE = HelloooooWorld/Info.plist;
				LD_RUNPATH_SEARCH_PATHS = "$(inherited) @executable_path/Frameworks";
				PRODUCT_BUNDLE_IDENTIFIER = com.groslen.HelloooooWorld;
				PRODUCT_NAME = "$(TARGET_NAME)";
				SWIFT_VERSION = 3.0;
			};
			name = Release;
		};
/* End XCBuildConfiguration section */

/* Begin XCConfigurationList section */
		4273309C1DC86DF200A01CDD /* Build configuration list for PBXProject "HelloooooWorld" */ = {
			isa = XCConfigurationList;
			buildConfigurations = (
				427330B11DC86DF300A01CDD /* Debug */,
				427330B21DC86DF300A01CDD /* Release */,
			);
			defaultConfigurationIsVisible = 0;
			defaultConfigurationName = Release;
		};
		427330B31DC86DF300A01CDD /* Build configuration list for PBXNativeTarget "HelloooooWorld" */ = {
			isa = XCConfigurationList;
			buildConfigurations = (
				427330B41DC86DF300A01CDD /* Debug */,
				427330B51DC86DF300A01CDD /* Release */,
			);
			defaultConfigurationIsVisible = 0;
		};
/* End XCConfigurationList section */
	};
	rootObject = 427330991DC86DF200A01CDD /* Project object */;
}
